
Microsoft Visual Studio Solution File, Format Version 12.00
# Visual Studio Version 17
VisualStudioVersion = 17.7.34003.232
MinimumVisualStudioVersion = 10.0.40219.1
Project("{FAE04EC0-301F-11D3-BF4B-00C04F79EFBC}") = "Jogo_Da_Forca", "Jogo_Da_Forca.csproj", "{D1C6A8B9-43E5-4020-8532-213016A0F602}"
EndProject
Global
	GlobalSection(SolutionConfigurationPlatforms) = preSolution
		Debug|Any CPU = Debug|Any CPU
		Release|Any CPU = Release|Any CPU
	EndGlobalSection
	GlobalSection(ProjectConfigurationPlatforms) = postSolution
		{D1C6A8B9-43E5-4020-8532-213016A0F602}.Debug|Any CPU.ActiveCfg = Debug|Any CPU
		{D1C6A8B9-43E5-4020-8532-213016A0F602}.Debug|Any CPU.Build.0 = Debug|Any CPU
		{D1C6A8B9-43E5-4020-8532-213016A0F602}.Release|Any CPU.ActiveCfg = Release|Any CPU
		{D1C6A8B9-43E5-4020-8532-213016A0F602}.Release|Any CPU.Build.0 = Release|Any CPU
	EndGlobalSection
	GlobalSection(SolutionProperties) = preSolution
		HideSolutionNode = FALSE
	EndGlobalSection
	GlobalSection(ExtensibilityGlobals) = postSolution
		SolutionGuid = {D2DEF0DA-346D-42CA-A036-E27CD736B4AA}
	EndGlobalSection
EndGlobal
